
Microsoft Visual Studio Solution File, Format Version 12.00
# Visual Studio 15
VisualStudioVersion = 15.0.27004.2005
MinimumVisualStudioVersion = 10.0.40219.1
Project("{9A19103F-16F7-4668-BE54-9A1E7A4F7556}") = "Tmds.MDns", "src\Tmds.MDns\Tmds.MDns.csproj", "{7FEB9580-2DFE-42A9-BFF1-93ECA147BE53}"
EndProject
Project("{9A19103F-16F7-4668-BE54-9A1E7A4F7556}") = "ServiceFinder", "samples\ServiceFinder\ServiceFinder.csproj", "{E4A4AC79-DED7-49FB-ADFD-347CF582D9DC}"
EndProject
Global
	GlobalSection(SolutionConfigurationPlatforms) = preSolution
		Debug|Any CPU = Debug|Any CPU
		Release|Any CPU = Release|Any CPU
	EndGlobalSection
	GlobalSection(ProjectConfigurationPlatforms) = postSolution
		{7FEB9580-2DFE-42A9-BFF1-93ECA147BE53}.Debug|Any CPU.ActiveCfg = Debug|Any CPU
		{7FEB9580-2DFE-42A9-BFF1-93ECA147BE53}.Debug|Any CPU.Build.0 = Debug|Any CPU
		{7FEB9580-2DFE-42A9-BFF1-93ECA147BE53}.Release|Any CPU.ActiveCfg = Release|Any CPU
		{7FEB9580-2DFE-42A9-BFF1-93ECA147BE53}.Release|Any CPU.Build.0 = Release|Any CPU
		{E4A4AC79-DED7-49FB-ADFD-347CF582D9DC}.Debug|Any CPU.ActiveCfg = Debug|Any CPU
		{E4A4AC79-DED7-49FB-ADFD-347CF582D9DC}.Debug|Any CPU.Build.0 = Debug|Any CPU
		{E4A4AC79-DED7-49FB-ADFD-347CF582D9DC}.Release|Any CPU.ActiveCfg = Release|Any CPU
		{E4A4AC79-DED7-49FB-ADFD-347CF582D9DC}.Release|Any CPU.Build.0 = Release|Any CPU
	EndGlobalSection
	GlobalSection(SolutionProperties) = preSolution
		HideSolutionNode = FALSE
	EndGlobalSection
	GlobalSection(ExtensibilityGlobals) = postSolution
		SolutionGuid = {D09F51BD-EC56-4720-BF24-53722B49637F}
	EndGlobalSection
EndGlobal
