
Microsoft Visual Studio Solution File, Format Version 12.00
# Visual Studio 15
VisualStudioVersion = 15.0.26124.0
MinimumVisualStudioVersion = 15.0.26124.0
Project("{2150E333-8FDC-42A3-9474-1A3956D46DE8}") = "src", "src", "{68C2DEEA-A3DB-4E85-BD83-29DCBC8C3634}"
EndProject
Project("{FAE04EC0-301F-11D3-BF4B-00C04F79EFBC}") = "Tmds.MDns", "src\Tmds.MDns\Tmds.MDns.csproj", "{3F9DF5BF-484F-4F6F-A593-9D69FB12B8BC}"
EndProject
Project("{2150E333-8FDC-42A3-9474-1A3956D46DE8}") = "samples", "samples", "{6A027ED2-ACB9-46E9-89BF-346D85FB03C9}"
EndProject
Project("{FAE04EC0-301F-11D3-BF4B-00C04F79EFBC}") = "ServiceFinder", "samples\ServiceFinder\ServiceFinder.csproj", "{27F02CCE-AEF0-466B-B407-D6ABEBBF0AF4}"
EndProject
Project("{2150E333-8FDC-42A3-9474-1A3956D46DE8}") = "Solution Itens", "Solution Itens", "{7E7D6E99-14CB-43AD-87C8-56669E7FA626}"
ProjectSection(SolutionItems) = preProject
	DotNetSdkMono.props = DotNetSdkMono.props
	build.cmd = build.cmd
	appveyor.yml = appveyor.yml
	NuGet.Config = NuGet.Config
	README.md = README.md
	LICENSE = LICENSE
	build.sh = build.sh
EndProjectSection
EndProject
Global
	GlobalSection(SolutionConfigurationPlatforms) = preSolution
		Debug|Any CPU = Debug|Any CPU
		Debug|x64 = Debug|x64
		Debug|x86 = Debug|x86
		Release|Any CPU = Release|Any CPU
		Release|x64 = Release|x64
		Release|x86 = Release|x86
	EndGlobalSection
	GlobalSection(SolutionProperties) = preSolution
		HideSolutionNode = FALSE
	EndGlobalSection
	GlobalSection(ProjectConfigurationPlatforms) = postSolution
		{3F9DF5BF-484F-4F6F-A593-9D69FB12B8BC}.Debug|Any CPU.ActiveCfg = Debug|Any CPU
		{3F9DF5BF-484F-4F6F-A593-9D69FB12B8BC}.Debug|Any CPU.Build.0 = Debug|Any CPU
		{3F9DF5BF-484F-4F6F-A593-9D69FB12B8BC}.Debug|x64.ActiveCfg = Debug|Any CPU
		{3F9DF5BF-484F-4F6F-A593-9D69FB12B8BC}.Debug|x64.Build.0 = Debug|Any CPU
		{3F9DF5BF-484F-4F6F-A593-9D69FB12B8BC}.Debug|x86.ActiveCfg = Debug|Any CPU
		{3F9DF5BF-484F-4F6F-A593-9D69FB12B8BC}.Debug|x86.Build.0 = Debug|Any CPU
		{3F9DF5BF-484F-4F6F-A593-9D69FB12B8BC}.Release|Any CPU.ActiveCfg = Release|Any CPU
		{3F9DF5BF-484F-4F6F-A593-9D69FB12B8BC}.Release|Any CPU.Build.0 = Release|Any CPU
		{3F9DF5BF-484F-4F6F-A593-9D69FB12B8BC}.Release|x64.ActiveCfg = Release|Any CPU
		{3F9DF5BF-484F-4F6F-A593-9D69FB12B8BC}.Release|x64.Build.0 = Release|Any CPU
		{3F9DF5BF-484F-4F6F-A593-9D69FB12B8BC}.Release|x86.ActiveCfg = Release|Any CPU
		{3F9DF5BF-484F-4F6F-A593-9D69FB12B8BC}.Release|x86.Build.0 = Release|Any CPU
		{27F02CCE-AEF0-466B-B407-D6ABEBBF0AF4}.Debug|Any CPU.ActiveCfg = Debug|Any CPU
		{27F02CCE-AEF0-466B-B407-D6ABEBBF0AF4}.Debug|Any CPU.Build.0 = Debug|Any CPU
		{27F02CCE-AEF0-466B-B407-D6ABEBBF0AF4}.Debug|x64.ActiveCfg = Debug|Any CPU
		{27F02CCE-AEF0-466B-B407-D6ABEBBF0AF4}.Debug|x64.Build.0 = Debug|Any CPU
		{27F02CCE-AEF0-466B-B407-D6ABEBBF0AF4}.Debug|x86.ActiveCfg = Debug|Any CPU
		{27F02CCE-AEF0-466B-B407-D6ABEBBF0AF4}.Debug|x86.Build.0 = Debug|Any CPU
		{27F02CCE-AEF0-466B-B407-D6ABEBBF0AF4}.Release|Any CPU.ActiveCfg = Release|Any CPU
		{27F02CCE-AEF0-466B-B407-D6ABEBBF0AF4}.Release|Any CPU.Build.0 = Release|Any CPU
		{27F02CCE-AEF0-466B-B407-D6ABEBBF0AF4}.Release|x64.ActiveCfg = Release|Any CPU
		{27F02CCE-AEF0-466B-B407-D6ABEBBF0AF4}.Release|x64.Build.0 = Release|Any CPU
		{27F02CCE-AEF0-466B-B407-D6ABEBBF0AF4}.Release|x86.ActiveCfg = Release|Any CPU
		{27F02CCE-AEF0-466B-B407-D6ABEBBF0AF4}.Release|x86.Build.0 = Release|Any CPU
	EndGlobalSection
	GlobalSection(NestedProjects) = preSolution
		{3F9DF5BF-484F-4F6F-A593-9D69FB12B8BC} = {68C2DEEA-A3DB-4E85-BD83-29DCBC8C3634}
		{27F02CCE-AEF0-466B-B407-D6ABEBBF0AF4} = {6A027ED2-ACB9-46E9-89BF-346D85FB03C9}
	EndGlobalSection
EndGlobal
